// !$*UTF8*$!
{
	archiveVersion = 1;
	classes = {
	};
	objectVersion = 100;
	objects = {

/* Begin PBXBuildFile section */
		241AC65F2FB3960800C7A37D /* Linn in Frameworks */ = {isa = PBXBuildFile; productRef = 241AC65E2FB3960800C7A37D /* Linn */; };
		248FC7FC2FC5C2C900066145 /* Sentry in Frameworks */ = {isa = PBXBuildFile; productRef = 248FC7FB2FC5C2C900066145 /* Sentry */; };
		248FC8012FC7390B00066145 /* WebRTC in Frameworks */ = {isa = PBXBuildFile; productRef = 248FC8002FC7390B00066145 /* WebRTC */; };
		24CAE00E2FB884D30085ADFF /* NukeUI in Frameworks */ = {isa = PBXBuildFile; productRef = 24CAE00D2FB884D30085ADFF /* NukeUI */; };
/* End PBXBuildFile section */

/* Begin PBXContainerItemProxy section */
		241AC6262FB3177B00C7A37D /* PBXContainerItemProxy */ = {
			isa = PBXContainerItemProxy;
			containerPortal = 241AC60E2FB3177900C7A37D /* Project object */;
			proxyType = 1;
			remoteGlobalIDString = 241AC6152FB3177900C7A37D;
			remoteInfo = Louie;
		};
		241AC6302FB3177B00C7A37D /* PBXContainerItemProxy */ = {
			isa = PBXContainerItemProxy;
			containerPortal = 241AC60E2FB3177900C7A37D /* Project object */;
			proxyType = 1;
			remoteGlobalIDString = 241AC6152FB3177900C7A37D;
			remoteInfo = Louie;
		};
/* End PBXContainerItemProxy section */

/* Begin PBXFileReference section */
		241AC6162FB3177900C7A37D /* Louie.app */ = {isa = PBXFileReference; explicitFileType = wrapper.application; includeInIndex = 0; path = Louie.app; sourceTree = BUILT_PRODUCTS_DIR; };
		241AC6252FB3177B00C7A37D /* LouieTests.xctest */ = {isa = PBXFileReference; explicitFileType = wrapper.cfbundle; includeInIndex = 0; path = LouieTests.xctest; sourceTree = BUILT_PRODUCTS_DIR; };
		241AC62F2FB3177B00C7A37D /* LouieUITests.xctest */ = {isa = PBXFileReference; explicitFileType = wrapper.cfbundle; includeInIndex = 0; path = LouieUITests.xctest; sourceTree = BUILT_PRODUCTS_DIR; };
/* End PBXFileReference section */

/* Begin PBXFileSystemSynchronizedBuildFileExceptionSet section */
		241AC6602FB3A00000C7A37D /* Exceptions for "Louie" folder in "Louie" target */ = {
			isa = PBXFileSystemSynchronizedBuildFileExceptionSet;
			membershipExceptions = (
				Info.plist,
			);
			target = 241AC6152FB3177900C7A37D /* Louie */;
		};
/* End PBXFileSystemSynchronizedBuildFileExceptionSet section */

/* Begin PBXFileSystemSynchronizedRootGroup section */
		241AC6182FB3177900C7A37D /* Louie */ = {
			isa = PBXFileSystemSynchronizedRootGroup;
			exceptions = (
				241AC6602FB3A00000C7A37D /* Exceptions for "Louie" folder in "Louie" target */,
			);
			path = Louie;
			sourceTree = "<group>";
		};
		241AC6282FB3177B00C7A37D /* LouieTests */ = {
			isa = PBXFileSystemSynchronizedRootGroup;
			path = LouieTests;
			sourceTree = "<group>";
		};
		241AC6322FB3177B00C7A37D /* LouieUITests */ = {
			isa = PBXFileSystemSynchronizedRootGroup;
			path = LouieUITests;
			sourceTree = "<group>";
		};
/* End PBXFileSystemSynchronizedRootGroup section */

/* Begin PBXFrameworksBuildPhase section */
		241AC6132FB3177900C7A37D /* Frameworks */ = {
			isa = PBXFrameworksBuildPhase;
			files = (
				241AC65F2FB3960800C7A37D /* Linn in Frameworks */,
				248FC8012FC7390B00066145 /* WebRTC in Frameworks */,
				24CAE00E2FB884D30085ADFF /* NukeUI in Frameworks */,
				248FC7FC2FC5C2C900066145 /* Sentry in Frameworks */,
			);
		};
		241AC6222FB3177B00C7A37D /* Frameworks */ = {
			isa = PBXFrameworksBuildPhase;
			files = (
			);
		};
		241AC62C2FB3177B00C7A37D /* Frameworks */ = {
			isa = PBXFrameworksBuildPhase;
			files = (
			);
		};
/* End PBXFrameworksBuildPhase section */

/* Begin PBXGroup section */
		241AC60D2FB3177900C7A37D = {
			isa = PBXGroup;
			children = (
				241AC6182FB3177900C7A37D /* Louie */,
				241AC6282FB3177B00C7A37D /* LouieTests */,
				241AC6322FB3177B00C7A37D /* LouieUITests */,
				241AC6172FB3177900C7A37D /* Products */,
			);
			sourceTree = "<group>";
		};
		241AC6172FB3177900C7A37D /* Products */ = {
			isa = PBXGroup;
			children = (
				241AC6162FB3177900C7A37D /* Louie.app */,
				241AC6252FB3177B00C7A37D /* LouieTests.xctest */,
				241AC62F2FB3177B00C7A37D /* LouieUITests.xctest */,
			);
			name = Products;
			sourceTree = "<group>";
		};
/* End PBXGroup section */

/* Begin PBXNativeTarget section */
		241AC6152FB3177900C7A37D /* Louie */ = {
			isa = PBXNativeTarget;
			buildConfigurationList = 241AC6392FB3177B00C7A37D /* Build configuration list for PBXNativeTarget "Louie" */;
			buildPhases = (
				241AC6122FB3177900C7A37D /* Sources */,
				241AC6132FB3177900C7A37D /* Frameworks */,
				241AC6142FB3177900C7A37D /* Resources */,
			);
			buildRules = (
			);
			fileSystemSynchronizedGroups = (
				241AC6182FB3177900C7A37D /* Louie */,
			);
			name = Louie;
			packageProductDependencies = (
				241AC65E2FB3960800C7A37D /* Linn */,
				24CAE00D2FB884D30085ADFF /* NukeUI */,
				248FC7FB2FC5C2C900066145 /* Sentry */,
				248FC8002FC7390B00066145 /* WebRTC */,
			);
			productName = Louie;
			productReference = 241AC6162FB3177900C7A37D /* Louie.app */;
			productType = "com.apple.product-type.application";
		};
		241AC6242FB3177B00C7A37D /* LouieTests */ = {
			isa = PBXNativeTarget;
			buildConfigurationList = 241AC63C2FB3177B00C7A37D /* Build configuration list for PBXNativeTarget "LouieTests" */;
			buildPhases = (
				241AC6212FB3177B00C7A37D /* Sources */,
				241AC6222FB3177B00C7A37D /* Frameworks */,
				241AC6232FB3177B00C7A37D /* Resources */,
			);
			buildRules = (
			);
			dependencies = (
				241AC6272FB3177B00C7A37D /* PBXTargetDependency */,
			);
			fileSystemSynchronizedGroups = (
				241AC6282FB3177B00C7A37D /* LouieTests */,
			);
			name = LouieTests;
			productName = LouieTests;
			productReference = 241AC6252FB3177B00C7A37D /* LouieTests.xctest */;
			productType = "com.apple.product-type.bundle.unit-test";
		};
		241AC62E2FB3177B00C7A37D /* LouieUITests */ = {
			isa = PBXNativeTarget;
			buildConfigurationList = 241AC63F2FB3177B00C7A37D /* Build configuration list for PBXNativeTarget "LouieUITests" */;
			buildPhases = (
				241AC62B2FB3177B00C7A37D /* Sources */,
				241AC62C2FB3177B00C7A37D /* Frameworks */,
				241AC62D2FB3177B00C7A37D /* Resources */,
			);
			buildRules = (
			);
			dependencies = (
				241AC6312FB3177B00C7A37D /* PBXTargetDependency */,
			);
			fileSystemSynchronizedGroups = (
				241AC6322FB3177B00C7A37D /* LouieUITests */,
			);
			name = LouieUITests;
			productName = LouieUITests;
			productReference = 241AC62F2FB3177B00C7A37D /* LouieUITests.xctest */;
			productType = "com.apple.product-type.bundle.ui-testing";
		};
/* End PBXNativeTarget section */

/* Begin PBXProject section */
		241AC60E2FB3177900C7A37D /* Project object */ = {
			isa = PBXProject;
			attributes = {
				BuildIndependentTargetsInParallel = 1;
				LastSwiftUpdateCheck = 2640;
				LastUpgradeCheck = 2640;
				TargetAttributes = {
					241AC6152FB3177900C7A37D = {
						CreatedOnToolsVersion = 26.4;
					};
					241AC6242FB3177B00C7A37D = {
						CreatedOnToolsVersion = 26.4;
						TestTargetID = 241AC6152FB3177900C7A37D;
					};
					241AC62E2FB3177B00C7A37D = {
						CreatedOnToolsVersion = 26.4;
						TestTargetID = 241AC6152FB3177900C7A37D;
					};
				};
			};
			buildConfigurationList = 241AC6112FB3177900C7A37D /* Build configuration list for PBXProject "Louie" */;
			developmentRegion = en;
			hasScannedForEncodings = 0;
			knownRegions = (
				en,
				Base,
			);
			mainGroup = 241AC60D2FB3177900C7A37D;
			minimizedProjectReferenceProxies = 1;
			packageReferences = (
				241AC65A2FB395E800C7A37D /* XCLocalSwiftPackageReference "Packages/LinnCiGateway" */,
				241AC65D2FB3960800C7A37D /* XCLocalSwiftPackageReference "Packages/Linn" */,
				24CAE00C2FB884D30085ADFF /* XCRemoteSwiftPackageReference "Nuke" */,
				248FC7FA2FC5C2C900066145 /* XCRemoteSwiftPackageReference "sentry-cocoa" */,
				248FC7FF2FC7390B00066145 /* XCRemoteSwiftPackageReference "WebRTC" */,
			);
			preferredProjectObjectVersion = 100;
			productRefGroup = 241AC6172FB3177900C7A37D /* Products */;
			projectDirPath = "";
			projectRoot = "";
			targets = (
				241AC6152FB3177900C7A37D /* Louie */,
				241AC6242FB3177B00C7A37D /* LouieTests */,
				241AC62E2FB3177B00C7A37D /* LouieUITests */,
			);
		};
/* End PBXProject section */

/* Begin PBXResourcesBuildPhase section */
		241AC6142FB3177900C7A37D /* Resources */ = {
			isa = PBXResourcesBuildPhase;
			files = (
			);
		};
		241AC6232FB3177B00C7A37D /* Resources */ = {
			isa = PBXResourcesBuildPhase;
			files = (
			);
		};
		241AC62D2FB3177B00C7A37D /* Resources */ = {
			isa = PBXResourcesBuildPhase;
			files = (
			);
		};
/* End PBXResourcesBuildPhase section */

/* Begin PBXSourcesBuildPhase section */
		241AC6122FB3177900C7A37D /* Sources */ = {
			isa = PBXSourcesBuildPhase;
			files = (
			);
		};
		241AC6212FB3177B00C7A37D /* Sources */ = {
			isa = PBXSourcesBuildPhase;
			files = (
			);
		};
		241AC62B2FB3177B00C7A37D /* Sources */ = {
			isa = PBXSourcesBuildPhase;
			files = (
			);
		};
/* End PBXSourcesBuildPhase section */

/* Begin PBXTargetDependency section */
		241AC6272FB3177B00C7A37D /* PBXTargetDependency */ = {
			isa = PBXTargetDependency;
			target = 241AC6152FB3177900C7A37D /* Louie */;
			targetProxy = 241AC6262FB3177B00C7A37D /* PBXContainerItemProxy */;
		};
		241AC6312FB3177B00C7A37D /* PBXTargetDependency */ = {
			isa = PBXTargetDependency;
			target = 241AC6152FB3177900C7A37D /* Louie */;
			targetProxy = 241AC6302FB3177B00C7A37D /* PBXContainerItemProxy */;
		};
/* End PBXTargetDependency section */

/* Begin XCBuildConfiguration section */
		241AC6372FB3177B00C7A37D /* Debug configuration for PBXProject "Louie" */ = {
			isa = XCBuildConfiguration;
			buildSettings = {
				ALWAYS_SEARCH_USER_PATHS = NO;
				ASSETCATALOG_COMPILER_GENERATE_SWIFT_ASSET_SYMBOL_EXTENSIONS = YES;
				CLANG_ANALYZER_NONNULL = YES;
				CLANG_ANALYZER_NUMBER_OBJECT_CONVERSION = YES_AGGRESSIVE;
				CLANG_CXX_LANGUAGE_STANDARD = "gnu++20";
				CLANG_ENABLE_MODULES = YES;
				CLANG_ENABLE_OBJC_ARC = YES;
				CLANG_ENABLE_OBJC_WEAK = YES;
				CLANG_WARN_BLOCK_CAPTURE_AUTORELEASING = YES;
				CLANG_WARN_BOOL_CONVERSION = YES;
				CLANG_WARN_COMMA = YES;
				CLANG_WARN_CONSTANT_CONVERSION = YES;
				CLANG_WARN_DEPRECATED_OBJC_IMPLEMENTATIONS = YES;
				CLANG_WARN_DIRECT_OBJC_ISA_USAGE = YES_ERROR;
				CLANG_WARN_DOCUMENTATION_COMMENTS = YES;
				CLANG_WARN_EMPTY_BODY = YES;
				CLANG_WARN_ENUM_CONVERSION = YES;
				CLANG_WARN_INFINITE_RECURSION = YES;
				CLANG_WARN_INT_CONVERSION = YES;
				CLANG_WARN_NON_LITERAL_NULL_CONVERSION = YES;
				CLANG_WARN_OBJC_IMPLICIT_RETAIN_SELF = YES;
				CLANG_WARN_OBJC_LITERAL_CONVERSION = YES;
				CLANG_WARN_OBJC_ROOT_CLASS = YES_ERROR;
				CLANG_WARN_QUOTED_INCLUDE_IN_FRAMEWORK_HEADER = YES;
				CLANG_WARN_RANGE_LOOP_ANALYSIS = YES;
				CLANG_WARN_STRICT_PROTOTYPES = YES;
				CLANG_WARN_SUSPICIOUS_MOVE = YES;
				CLANG_WARN_UNGUARDED_AVAILABILITY = YES_AGGRESSIVE;
				CLANG_WARN_UNREACHABLE_CODE = YES;
				CLANG_WARN__DUPLICATE_METHOD_MATCH = YES;
				COPY_PHASE_STRIP = NO;
				DEBUG_INFORMATION_FORMAT = dwarf;
				DEVELOPMENT_TEAM = DZ7LDZZ33T;
				ENABLE_STRICT_OBJC_MSGSEND = YES;
				ENABLE_TESTABILITY = YES;
				ENABLE_USER_SCRIPT_SANDBOXING = YES;
				GCC_C_LANGUAGE_STANDARD = gnu17;
				GCC_DYNAMIC_NO_PIC = NO;
				GCC_NO_COMMON_BLOCKS = YES;
				GCC_OPTIMIZATION_LEVEL = 0;
				GCC_PREPROCESSOR_DEFINITIONS = (
					"DEBUG=1",
					"$(inherited)",
				);
				GCC_WARN_64_TO_32_BIT_CONVERSION = YES;
				GCC_WARN_ABOUT_RETURN_TYPE = YES_ERROR;
				GCC_WARN_UNDECLARED_SELECTOR = YES;
				GCC_WARN_UNINITIALIZED_AUTOS = YES_AGGRESSIVE;
				GCC_WARN_UNUSED_FUNCTION = YES;
				GCC_WARN_UNUSED_VARIABLE = YES;
				IPHONEOS_DEPLOYMENT_TARGET = 26.4;
				LOCALIZATION_PREFERS_STRING_CATALOGS = YES;
				MTL_ENABLE_DEBUG_INFO = INCLUDE_SOURCE;
				MTL_FAST_MATH = YES;
				ONLY_ACTIVE_ARCH = YES;
				SDKROOT = iphoneos;
				SWIFT_ACTIVE_COMPILATION_CONDITIONS = "DEBUG $(inherited)";
				SWIFT_OPTIMIZATION_LEVEL = "-Onone";
			};
			name = Debug;
		};
		241AC6382FB3177B00C7A37D /* Release configuration for PBXProject "Louie" */ = {
			isa = XCBuildConfiguration;
			buildSettings = {
				ALWAYS_SEARCH_USER_PATHS = NO;
				ASSETCATALOG_COMPILER_GENERATE_SWIFT_ASSET_SYMBOL_EXTENSIONS = YES;
				CLANG_ANALYZER_NONNULL = YES;
				CLANG_ANALYZER_NUMBER_OBJECT_CONVERSION = YES_AGGRESSIVE;
				CLANG_CXX_LANGUAGE_STANDARD = "gnu++20";
				CLANG_ENABLE_MODULES = YES;
				CLANG_ENABLE_OBJC_ARC = YES;
				CLANG_ENABLE_OBJC_WEAK = YES;
				CLANG_WARN_BLOCK_CAPTURE_AUTORELEASING = YES;
				CLANG_WARN_BOOL_CONVERSION = YES;
				CLANG_WARN_COMMA = YES;
				CLANG_WARN_CONSTANT_CONVERSION = YES;
				CLANG_WARN_DEPRECATED_OBJC_IMPLEMENTATIONS = YES;
				CLANG_WARN_DIRECT_OBJC_ISA_USAGE = YES_ERROR;
				CLANG_WARN_DOCUMENTATION_COMMENTS = YES;
				CLANG_WARN_EMPTY_BODY = YES;
				CLANG_WARN_ENUM_CONVERSION = YES;
				CLANG_WARN_INFINITE_RECURSION = YES;
				CLANG_WARN_INT_CONVERSION = YES;
				CLANG_WARN_NON_LITERAL_NULL_CONVERSION = YES;
				CLANG_WARN_OBJC_IMPLICIT_RETAIN_SELF = YES;
				CLANG_WARN_OBJC_LITERAL_CONVERSION = YES;
				CLANG_WARN_OBJC_ROOT_CLASS = YES_ERROR;
				CLANG_WARN_QUOTED_INCLUDE_IN_FRAMEWORK_HEADER = YES;
				CLANG_WARN_RANGE_LOOP_ANALYSIS = YES;
				CLANG_WARN_STRICT_PROTOTYPES = YES;
				CLANG_WARN_SUSPICIOUS_MOVE = YES;
				CLANG_WARN_UNGUARDED_AVAILABILITY = YES_AGGRESSIVE;
				CLANG_WARN_UNREACHABLE_CODE = YES;
				CLANG_WARN__DUPLICATE_METHOD_MATCH = YES;
				COPY_PHASE_STRIP = NO;
				DEBUG_INFORMATION_FORMAT = "dwarf-with-dsym";
				DEVELOPMENT_TEAM = DZ7LDZZ33T;
				ENABLE_NS_ASSERTIONS = NO;
				ENABLE_STRICT_OBJC_MSGSEND = YES;
				ENABLE_USER_SCRIPT_SANDBOXING = YES;
				GCC_C_LANGUAGE_STANDARD = gnu17;
				GCC_NO_COMMON_BLOCKS = YES;
				GCC_WARN_64_TO_32_BIT_CONVERSION = YES;
				GCC_WARN_ABOUT_RETURN_TYPE = YES_ERROR;
				GCC_WARN_UNDECLARED_SELECTOR = YES;
				GCC_WARN_UNINITIALIZED_AUTOS = YES_AGGRESSIVE;
				GCC_WARN_UNUSED_FUNCTION = YES;
				GCC_WARN_UNUSED_VARIABLE = YES;
				IPHONEOS_DEPLOYMENT_TARGET = 26.4;
				LOCALIZATION_PREFERS_STRING_CATALOGS = YES;
				MTL_ENABLE_DEBUG_INFO = NO;
				MTL_FAST_MATH = YES;
				SDKROOT = iphoneos;
				SWIFT_COMPILATION_MODE = wholemodule;
				VALIDATE_PRODUCT = YES;
			};
			name = Release;
		};
		241AC63A2FB3177B00C7A37D /* Debug configuration for PBXNativeTarget "Louie" */ = {
			isa = XCBuildConfiguration;
			buildSettings = {
				ASSETCATALOG_COMPILER_APPICON_NAME = AppIcon;
				ASSETCATALOG_COMPILER_GLOBAL_ACCENT_COLOR_NAME = AccentColor;
				CODE_SIGN_STYLE = Automatic;
				CURRENT_PROJECT_VERSION = 1;
				DEVELOPMENT_TEAM = DZ7LDZZ33T;
				ENABLE_PREVIEWS = YES;
				GENERATE_INFOPLIST_FILE = NO;
				INFOPLIST_FILE = Louie/Info.plist;
				LD_RUNPATH_SEARCH_PATHS = (
					"$(inherited)",
					"@executable_path/Frameworks",
				);
				MARKETING_VERSION = 1.0;
				PRODUCT_BUNDLE_IDENTIFIER = xyz.timm.preetz.Louie;
				PRODUCT_NAME = "$(TARGET_NAME)";
				STRING_CATALOG_GENERATE_SYMBOLS = YES;
				SWIFT_APPROACHABLE_CONCURRENCY = YES;
				SWIFT_DEFAULT_ACTOR_ISOLATION = MainActor;
				SWIFT_EMIT_LOC_STRINGS = YES;
				SWIFT_UPCOMING_FEATURE_MEMBER_IMPORT_VISIBILITY = YES;
				SWIFT_VERSION = 5.0;
				TARGETED_DEVICE_FAMILY = "1,2";
			};
			name = Debug;
		};
		241AC63B2FB3177B00C7A37D /* Release configuration for PBXNativeTarget "Louie" */ = {
			isa = XCBuildConfiguration;
			buildSettings = {
				ASSETCATALOG_COMPILER_APPICON_NAME = AppIcon;
				ASSETCATALOG_COMPILER_GLOBAL_ACCENT_COLOR_NAME = AccentColor;
				CODE_SIGN_STYLE = Automatic;
				CURRENT_PROJECT_VERSION = 1;
				DEVELOPMENT_TEAM = DZ7LDZZ33T;
				ENABLE_PREVIEWS = YES;
				GENERATE_INFOPLIST_FILE = NO;
				INFOPLIST_FILE = Louie/Info.plist;
				LD_RUNPATH_SEARCH_PATHS = (
					"$(inherited)",
					"@executable_path/Frameworks",
				);
				MARKETING_VERSION = 1.0;
				PRODUCT_BUNDLE_IDENTIFIER = xyz.timm.preetz.Louie;
				PRODUCT_NAME = "$(TARGET_NAME)";
				STRING_CATALOG_GENERATE_SYMBOLS = YES;
				SWIFT_APPROACHABLE_CONCURRENCY = YES;
				SWIFT_DEFAULT_ACTOR_ISOLATION = MainActor;
				SWIFT_EMIT_LOC_STRINGS = YES;
				SWIFT_UPCOMING_FEATURE_MEMBER_IMPORT_VISIBILITY = YES;
				SWIFT_VERSION = 5.0;
				TARGETED_DEVICE_FAMILY = "1,2";
			};
			name = Release;
		};
		241AC63D2FB3177B00C7A37D /* Debug configuration for PBXNativeTarget "LouieTests" */ = {
			isa = XCBuildConfiguration;
			buildSettings = {
				BUNDLE_LOADER = "$(TEST_HOST)";
				CODE_SIGN_STYLE = Automatic;
				CURRENT_PROJECT_VERSION = 1;
				DEVELOPMENT_TEAM = DZ7LDZZ33T;
				GENERATE_INFOPLIST_FILE = YES;
				IPHONEOS_DEPLOYMENT_TARGET = 26.4;
				MARKETING_VERSION = 1.0;
				PRODUCT_BUNDLE_IDENTIFIER = xyz.timm.preetz.LouieTests;
				PRODUCT_NAME = "$(TARGET_NAME)";
				STRING_CATALOG_GENERATE_SYMBOLS = NO;
				SWIFT_APPROACHABLE_CONCURRENCY = YES;
				SWIFT_DEFAULT_ACTOR_ISOLATION = MainActor;
				SWIFT_EMIT_LOC_STRINGS = NO;
				SWIFT_UPCOMING_FEATURE_MEMBER_IMPORT_VISIBILITY = YES;
				SWIFT_VERSION = 5.0;
				TARGETED_DEVICE_FAMILY = "1,2";
				TEST_HOST = "$(BUILT_PRODUCTS_DIR)/Louie.app/$(BUNDLE_EXECUTABLE_FOLDER_PATH)/Louie";
			};
			name = Debug;
		};
		241AC63E2FB3177B00C7A37D /* Release configuration for PBXNativeTarget "LouieTests" */ = {
			isa = XCBuildConfiguration;
			buildSettings = {
				BUNDLE_LOADER = "$(TEST_HOST)";
				CODE_SIGN_STYLE = Automatic;
				CURRENT_PROJECT_VERSION = 1;
				DEVELOPMENT_TEAM = DZ7LDZZ33T;
				GENERATE_INFOPLIST_FILE = YES;
				IPHONEOS_DEPLOYMENT_TARGET = 26.4;
				MARKETING_VERSION = 1.0;
				PRODUCT_BUNDLE_IDENTIFIER = xyz.timm.preetz.LouieTests;
				PRODUCT_NAME = "$(TARGET_NAME)";
				STRING_CATALOG_GENERATE_SYMBOLS = NO;
				SWIFT_APPROACHABLE_CONCURRENCY = YES;
				SWIFT_DEFAULT_ACTOR_ISOLATION = MainActor;
				SWIFT_EMIT_LOC_STRINGS = NO;
				SWIFT_UPCOMING_FEATURE_MEMBER_IMPORT_VISIBILITY = YES;
				SWIFT_VERSION = 5.0;
				TARGETED_DEVICE_FAMILY = "1,2";
				TEST_HOST = "$(BUILT_PRODUCTS_DIR)/Louie.app/$(BUNDLE_EXECUTABLE_FOLDER_PATH)/Louie";
			};
			name = Release;
		};
		241AC6402FB3177B00C7A37D /* Debug configuration for PBXNativeTarget "LouieUITests" */ = {
			isa = XCBuildConfiguration;
			buildSettings = {
				CODE_SIGN_STYLE = Automatic;
				CURRENT_PROJECT_VERSION = 1;
				DEVELOPMENT_TEAM = DZ7LDZZ33T;
				GENERATE_INFOPLIST_FILE = YES;
				MARKETING_VERSION = 1.0;
				PRODUCT_BUNDLE_IDENTIFIER = xyz.timm.preetz.LouieUITests;
				PRODUCT_NAME = "$(TARGET_NAME)";
				STRING_CATALOG_GENERATE_SYMBOLS = NO;
				SWIFT_APPROACHABLE_CONCURRENCY = YES;
				SWIFT_EMIT_LOC_STRINGS = NO;
				SWIFT_UPCOMING_FEATURE_MEMBER_IMPORT_VISIBILITY = YES;
				SWIFT_VERSION = 5.0;
				TARGETED_DEVICE_FAMILY = "1,2";
				TEST_TARGET_NAME = Louie;
			};
			name = Debug;
		};
		241AC6412FB3177B00C7A37D /* Release configuration for PBXNativeTarget "LouieUITests" */ = {
			isa = XCBuildConfiguration;
			buildSettings = {
				CODE_SIGN_STYLE = Automatic;
				CURRENT_PROJECT_VERSION = 1;
				DEVELOPMENT_TEAM = DZ7LDZZ33T;
				GENERATE_INFOPLIST_FILE = YES;
				MARKETING_VERSION = 1.0;
				PRODUCT_BUNDLE_IDENTIFIER = xyz.timm.preetz.LouieUITests;
				PRODUCT_NAME = "$(TARGET_NAME)";
				STRING_CATALOG_GENERATE_SYMBOLS = NO;
				SWIFT_APPROACHABLE_CONCURRENCY = YES;
				SWIFT_EMIT_LOC_STRINGS = NO;
				SWIFT_UPCOMING_FEATURE_MEMBER_IMPORT_VISIBILITY = YES;
				SWIFT_VERSION = 5.0;
				TARGETED_DEVICE_FAMILY = "1,2";
				TEST_TARGET_NAME = Louie;
			};
			name = Release;
		};
/* End XCBuildConfiguration section */

/* Begin XCConfigurationList section */
		241AC6112FB3177900C7A37D /* Build configuration list for PBXProject "Louie" */ = {
			isa = XCConfigurationList;
			buildConfigurations = (
				241AC6372FB3177B00C7A37D /* Debug configuration for PBXProject "Louie" */,
				241AC6382FB3177B00C7A37D /* Release configuration for PBXProject "Louie" */,
			);
			defaultConfigurationName = Release;
		};
		241AC6392FB3177B00C7A37D /* Build configuration list for PBXNativeTarget "Louie" */ = {
			isa = XCConfigurationList;
			buildConfigurations = (
				241AC63A2FB3177B00C7A37D /* Debug configuration for PBXNativeTarget "Louie" */,
				241AC63B2FB3177B00C7A37D /* Release configuration for PBXNativeTarget "Louie" */,
			);
			defaultConfigurationName = Release;
		};
		241AC63C2FB3177B00C7A37D /* Build configuration list for PBXNativeTarget "LouieTests" */ = {
			isa = XCConfigurationList;
			buildConfigurations = (
				241AC63D2FB3177B00C7A37D /* Debug configuration for PBXNativeTarget "LouieTests" */,
				241AC63E2FB3177B00C7A37D /* Release configuration for PBXNativeTarget "LouieTests" */,
			);
			defaultConfigurationName = Release;
		};
		241AC63F2FB3177B00C7A37D /* Build configuration list for PBXNativeTarget "LouieUITests" */ = {
			isa = XCConfigurationList;
			buildConfigurations = (
				241AC6402FB3177B00C7A37D /* Debug configuration for PBXNativeTarget "LouieUITests" */,
				241AC6412FB3177B00C7A37D /* Release configuration for PBXNativeTarget "LouieUITests" */,
			);
			defaultConfigurationName = Release;
		};
/* End XCConfigurationList section */

/* Begin XCLocalSwiftPackageReference section */
		241AC65A2FB395E800C7A37D /* XCLocalSwiftPackageReference "Packages/LinnCiGateway" */ = {
			isa = XCLocalSwiftPackageReference;
			relativePath = Packages/LinnCiGateway;
		};
		241AC65D2FB3960800C7A37D /* XCLocalSwiftPackageReference "Packages/Linn" */ = {
			isa = XCLocalSwiftPackageReference;
			relativePath = Packages/Linn;
		};
/* End XCLocalSwiftPackageReference section */

/* Begin XCRemoteSwiftPackageReference section */
		248FC7FA2FC5C2C900066145 /* XCRemoteSwiftPackageReference "sentry-cocoa" */ = {
			isa = XCRemoteSwiftPackageReference;
			repositoryURL = "https://github.com/getsentry/sentry-cocoa";
			requirement = {
				kind = upToNextMajorVersion;
				minimumVersion = 9.14.0;
			};
		};
		248FC7FF2FC7390B00066145 /* XCRemoteSwiftPackageReference "WebRTC" */ = {
			isa = XCRemoteSwiftPackageReference;
			repositoryURL = "https://github.com/stasel/WebRTC";
			requirement = {
				kind = upToNextMajorVersion;
				minimumVersion = 147.0.0;
			};
		};
		24CAE00C2FB884D30085ADFF /* XCRemoteSwiftPackageReference "Nuke" */ = {
			isa = XCRemoteSwiftPackageReference;
			repositoryURL = "https://github.com/kean/Nuke";
			requirement = {
				kind = upToNextMajorVersion;
				minimumVersion = 13.0.6;
			};
		};
/* End XCRemoteSwiftPackageReference section */

/* Begin XCSwiftPackageProductDependency section */
		241AC65E2FB3960800C7A37D /* Linn */ = {
			isa = XCSwiftPackageProductDependency;
			productName = Linn;
		};
		248FC7FB2FC5C2C900066145 /* Sentry */ = {
			isa = XCSwiftPackageProductDependency;
			package = 248FC7FA2FC5C2C900066145 /* XCRemoteSwiftPackageReference "sentry-cocoa" */;
			productName = Sentry;
		};
		248FC8002FC7390B00066145 /* WebRTC */ = {
			isa = XCSwiftPackageProductDependency;
			package = 248FC7FF2FC7390B00066145 /* XCRemoteSwiftPackageReference "WebRTC" */;
			productName = WebRTC;
		};
		24CAE00D2FB884D30085ADFF /* NukeUI */ = {
			isa = XCSwiftPackageProductDependency;
			package = 24CAE00C2FB884D30085ADFF /* XCRemoteSwiftPackageReference "Nuke" */;
			productName = NukeUI;
		};
/* End XCSwiftPackageProductDependency section */
	};
	rootObject = 241AC60E2FB3177900C7A37D /* Project object */;
}
