{
  "originHash" : "63a7f8ffdf91ec3e32816f279fe10b0253587a41a43def038deb7a670d783173",
  "pins" : [
    {
      "identity" : "nuke",
      "kind" : "remoteSourceControl",
      "location" : "https://github.com/kean/Nuke",
      "state" : {
        "revision" : "63a8fcbd6621340a2410bc3e9575ac97058615f4",
        "version" : "13.0.6"
      }
    },
    {
      "identity" : "sentry-cocoa",
      "kind" : "remoteSourceControl",
      "location" : "https://github.com/getsentry/sentry-cocoa",
      "state" : {
        "revision" : "193d313fbfd9affaf2be1692a0284a3b6574c515",
        "version" : "9.14.0"
      }
    },
    {
      "identity" : "webrtc",
      "kind" : "remoteSourceControl",
      "location" : "https://github.com/stasel/WebRTC",
      "state" : {
        "revision" : "e8b5efb9d921a7d3044d3928ae235b8846436e41",
        "version" : "147.0.0"
      }
    }
  ],
  "version" : 3
}
