{
  "originHash" : "6f9a1d5281b3c5c9e964f380d060ba27769bbd5974756986414f584a3290bcd3",
  "pins" : [
    {
      "identity" : "nuke",
      "kind" : "remoteSourceControl",
      "location" : "https://github.com/kean/Nuke",
      "state" : {
        "revision" : "63a8fcbd6621340a2410bc3e9575ac97058615f4",
        "version" : "13.0.6"
      }
    },
    {
      "identity" : "sentry-cocoa",
      "kind" : "remoteSourceControl",
      "location" : "https://github.com/getsentry/sentry-cocoa",
      "state" : {
        "revision" : "193d313fbfd9affaf2be1692a0284a3b6574c515",
        "version" : "9.14.0"
      }
    }
  ],
  "version" : 3
}
